// !$*UTF8*$!
{
	archiveVersion = 1;
	classes = {
	};
	objectVersion = 51;
	objects = {

/* Begin PBXBuildFile section */
		0E08EE1622BEE32E00BF06D0 /* AppDelegate.swift in Sources */ = {isa = PBXBuildFile; fileRef = 0E08EE1522BEE32E00BF06D0 /* AppDelegate.swift */; };
		0E08EE1822BEE32E00BF06D0 /* ViewController.swift in Sources */ = {isa = PBXBuildFile; fileRef = 0E08EE1722BEE32E00BF06D0 /* ViewController.swift */; };
		0E08EE1B22BEE32E00BF06D0 /* Main.storyboard in Resources */ = {isa = PBXBuildFile; fileRef = 0E08EE1922BEE32E00BF06D0 /* Main.storyboard */; };
		0E08EE1D22BEE32F00BF06D0 /* Assets.xcassets in Resources */ = {isa = PBXBuildFile; fileRef = 0E08EE1C22BEE32F00BF06D0 /* Assets.xcassets */; };
		0E08EE2022BEE32F00BF06D0 /* LaunchScreen.storyboard in Resources */ = {isa = PBXBuildFile; fileRef = 0E08EE1E22BEE32F00BF06D0 /* LaunchScreen.storyboard */; };
		0E08EE2B22BEE32F00BF06D0 /* swift_rainbowTests.swift in Sources */ = {isa = PBXBuildFile; fileRef = 0E08EE2A22BEE32F00BF06D0 /* swift_rainbowTests.swift */; };
		0E08EE3622BEE32F00BF06D0 /* swift_rainbowUITests.swift in Sources */ = {isa = PBXBuildFile; fileRef = 0E08EE3522BEE32F00BF06D0 /* swift_rainbowUITests.swift */; };
		1325FE63F09ADD7302942BFD /* Pods_swift_rainbow.framework in Frameworks */ = {isa = PBXBuildFile; fileRef = 4A3B574F12F8FDB7BAE38CA2 /* Pods_swift_rainbow.framework */; };
		9B2D0930D78E3F465840C91C /* Pods_swift_rainbowTests.framework in Frameworks */ = {isa = PBXBuildFile; fileRef = 21D66886B4B94A03A48B0622 /* Pods_swift_rainbowTests.framework */; };
		B65260D0FB4B32EA11320E81 /* Pods_swift_rainbowUITests.framework in Frameworks */ = {isa = PBXBuildFile; fileRef = B1E17502F0696251976C2F70 /* Pods_swift_rainbowUITests.framework */; };
/* End PBXBuildFile section */

/* Begin PBXContainerItemProxy section */
		0E08EE2722BEE32F00BF06D0 /* PBXContainerItemProxy */ = {
			isa = PBXContainerItemProxy;
			containerPortal = 0E08EE0A22BEE32E00BF06D0 /* Project object */;
			proxyType = 1;
			remoteGlobalIDString = 0E08EE1122BEE32E00BF06D0;
			remoteInfo = "swift-rainbow";
		};
		0E08EE3222BEE32F00BF06D0 /* PBXContainerItemProxy */ = {
			isa = PBXContainerItemProxy;
			containerPortal = 0E08EE0A22BEE32E00BF06D0 /* Project object */;
			proxyType = 1;
			remoteGlobalIDString = 0E08EE1122BEE32E00BF06D0;
			remoteInfo = "swift-rainbow";
		};
/* End PBXContainerItemProxy section */

/* Begin PBXFileReference section */
		067CC3D782D15A49C08678BA /* Pods-swift-rainbow.release.xcconfig */ = {isa = PBXFileReference; includeInIndex = 1; lastKnownFileType = text.xcconfig; name = "Pods-swift-rainbow.release.xcconfig"; path = "Target Support Files/Pods-swift-rainbow/Pods-swift-rainbow.release.xcconfig"; sourceTree = "<group>"; };
		0E08EE1222BEE32E00BF06D0 /* swift-rainbow.app */ = {isa = PBXFileReference; explicitFileType = wrapper.application; includeInIndex = 0; path = "swift-rainbow.app"; sourceTree = BUILT_PRODUCTS_DIR; };
		0E08EE1522BEE32E00BF06D0 /* AppDelegate.swift */ = {isa = PBXFileReference; lastKnownFileType = sourcecode.swift; path = AppDelegate.swift; sourceTree = "<group>"; };
		0E08EE1722BEE32E00BF06D0 /* ViewController.swift */ = {isa = PBXFileReference; lastKnownFileType = sourcecode.swift; path = ViewController.swift; sourceTree = "<group>"; };
		0E08EE1A22BEE32E00BF06D0 /* Base */ = {isa = PBXFileReference; lastKnownFileType = file.storyboard; name = Base; path = Base.lproj/Main.storyboard; sourceTree = "<group>"; };
		0E08EE1C22BEE32F00BF06D0 /* Assets.xcassets */ = {isa = PBXFileReference; lastKnownFileType = folder.assetcatalog; path = Assets.xcassets; sourceTree = "<group>"; };
		0E08EE1F22BEE32F00BF06D0 /* Base */ = {isa = PBXFileReference; lastKnownFileType = file.storyboard; name = Base; path = Base.lproj/LaunchScreen.storyboard; sourceTree = "<group>"; };
		0E08EE2122BEE32F00BF06D0 /* Info.plist */ = {isa = PBXFileReference; lastKnownFileType = text.plist.xml; path = Info.plist; sourceTree = "<group>"; };
		0E08EE2622BEE32F00BF06D0 /* swift-rainbowTests.xctest */ = {isa = PBXFileReference; explicitFileType = wrapper.cfbundle; includeInIndex = 0; path = "swift-rainbowTests.xctest"; sourceTree = BUILT_PRODUCTS_DIR; };
		0E08EE2A22BEE32F00BF06D0 /* swift_rainbowTests.swift */ = {isa = PBXFileReference; lastKnownFileType = sourcecode.swift; path = swift_rainbowTests.swift; sourceTree = "<group>"; };
		0E08EE2C22BEE32F00BF06D0 /* Info.plist */ = {isa = PBXFileReference; lastKnownFileType = text.plist.xml; path = Info.plist; sourceTree = "<group>"; };
		0E08EE3122BEE32F00BF06D0 /* swift-rainbowUITests.xctest */ = {isa = PBXFileReference; explicitFileType = wrapper.cfbundle; includeInIndex = 0; path = "swift-rainbowUITests.xctest"; sourceTree = BUILT_PRODUCTS_DIR; };
		0E08EE3522BEE32F00BF06D0 /* swift_rainbowUITests.swift */ = {isa = PBXFileReference; lastKnownFileType = sourcecode.swift; path = swift_rainbowUITests.swift; sourceTree = "<group>"; };
		0E08EE3722BEE32F00BF06D0 /* Info.plist */ = {isa = PBXFileReference; lastKnownFileType = text.plist.xml; path = Info.plist; sourceTree = "<group>"; };
		13779FFEBB1F861EB057DEA0 /* Pods-swift-rainbowUITests.release.xcconfig */ = {isa = PBXFileReference; includeInIndex = 1; lastKnownFileType = text.xcconfig; name = "Pods-swift-rainbowUITests.release.xcconfig"; path = "Target Support Files/Pods-swift-rainbowUITests/Pods-swift-rainbowUITests.release.xcconfig"; sourceTree = "<group>"; };
		21D66886B4B94A03A48B0622 /* Pods_swift_rainbowTests.framework */ = {isa = PBXFileReference; explicitFileType = wrapper.framework; includeInIndex = 0; path = Pods_swift_rainbowTests.framework; sourceTree = BUILT_PRODUCTS_DIR; };
		3D6C01F2811E17C7126DA46D /* Pods-swift-rainbowTests.release.xcconfig */ = {isa = PBXFileReference; includeInIndex = 1; lastKnownFileType = text.xcconfig; name = "Pods-swift-rainbowTests.release.xcconfig"; path = "Target Support Files/Pods-swift-rainbowTests/Pods-swift-rainbowTests.release.xcconfig"; sourceTree = "<group>"; };
		4A3B574F12F8FDB7BAE38CA2 /* Pods_swift_rainbow.framework */ = {isa = PBXFileReference; explicitFileType = wrapper.framework; includeInIndex = 0; path = Pods_swift_rainbow.framework; sourceTree = BUILT_PRODUCTS_DIR; };
		B1E17502F0696251976C2F70 /* Pods_swift_rainbowUITests.framework */ = {isa = PBXFileReference; explicitFileType = wrapper.framework; includeInIndex = 0; path = Pods_swift_rainbowUITests.framework; sourceTree = BUILT_PRODUCTS_DIR; };
		BF71008C783E3B1AD6A10A41 /* Pods-swift-rainbowTests.debug.xcconfig */ = {isa = PBXFileReference; includeInIndex = 1; lastKnownFileType = text.xcconfig; name = "Pods-swift-rainbowTests.debug.xcconfig"; path = "Target Support Files/Pods-swift-rainbowTests/Pods-swift-rainbowTests.debug.xcconfig"; sourceTree = "<group>"; };
		C307B2222CEBDEBDCE3BE591 /* Pods-swift-rainbowUITests.debug.xcconfig */ = {isa = PBXFileReference; includeInIndex = 1; lastKnownFileType = text.xcconfig; name = "Pods-swift-rainbowUITests.debug.xcconfig"; path = "Target Support Files/Pods-swift-rainbowUITests/Pods-swift-rainbowUITests.debug.xcconfig"; sourceTree = "<group>"; };
		D2FBF35E655FE946A883162A /* Pods-swift-rainbow.debug.xcconfig */ = {isa = PBXFileReference; includeInIndex = 1; lastKnownFileType = text.xcconfig; name = "Pods-swift-rainbow.debug.xcconfig"; path = "Target Support Files/Pods-swift-rainbow/Pods-swift-rainbow.debug.xcconfig"; sourceTree = "<group>"; };
/* End PBXFileReference section */

/* Begin PBXFrameworksBuildPhase section */
		0E08EE0F22BEE32E00BF06D0 /* Frameworks */ = {
			isa = PBXFrameworksBuildPhase;
			buildActionMask = 2147483647;
			files = (
				1325FE63F09ADD7302942BFD /* Pods_swift_rainbow.framework in Frameworks */,
			);
			runOnlyForDeploymentPostprocessing = 0;
		};
		0E08EE2322BEE32F00BF06D0 /* Frameworks */ = {
			isa = PBXFrameworksBuildPhase;
			buildActionMask = 2147483647;
			files = (
				9B2D0930D78E3F465840C91C /* Pods_swift_rainbowTests.framework in Frameworks */,
			);
			runOnlyForDeploymentPostprocessing = 0;
		};
		0E08EE2E22BEE32F00BF06D0 /* Frameworks */ = {
			isa = PBXFrameworksBuildPhase;
			buildActionMask = 2147483647;
			files = (
				B65260D0FB4B32EA11320E81 /* Pods_swift_rainbowUITests.framework in Frameworks */,
			);
			runOnlyForDeploymentPostprocessing = 0;
		};
/* End PBXFrameworksBuildPhase section */

/* Begin PBXGroup section */
		0385953077167D9DA6FE6631 /* Frameworks */ = {
			isa = PBXGroup;
			children = (
				4A3B574F12F8FDB7BAE38CA2 /* Pods_swift_rainbow.framework */,
				21D66886B4B94A03A48B0622 /* Pods_swift_rainbowTests.framework */,
				B1E17502F0696251976C2F70 /* Pods_swift_rainbowUITests.framework */,
			);
			name = Frameworks;
			sourceTree = "<group>";
		};
		0E08EE0922BEE32E00BF06D0 = {
			isa = PBXGroup;
			children = (
				0E08EE1422BEE32E00BF06D0 /* swift-rainbow */,
				0E08EE2922BEE32F00BF06D0 /* swift-rainbowTests */,
				0E08EE3422BEE32F00BF06D0 /* swift-rainbowUITests */,
				0E08EE1322BEE32E00BF06D0 /* Products */,
				DE6B7570DD72EAB886BB222B /* Pods */,
				0385953077167D9DA6FE6631 /* Frameworks */,
			);
			sourceTree = "<group>";
		};
		0E08EE1322BEE32E00BF06D0 /* Products */ = {
			isa = PBXGroup;
			children = (
				0E08EE1222BEE32E00BF06D0 /* swift-rainbow.app */,
				0E08EE2622BEE32F00BF06D0 /* swift-rainbowTests.xctest */,
				0E08EE3122BEE32F00BF06D0 /* swift-rainbowUITests.xctest */,
			);
			name = Products;
			sourceTree = "<group>";
		};
		0E08EE1422BEE32E00BF06D0 /* swift-rainbow */ = {
			isa = PBXGroup;
			children = (
				0E08EE4322BEE4B900BF06D0 /* components */,
				0E08EE1522BEE32E00BF06D0 /* AppDelegate.swift */,
				0E08EE1722BEE32E00BF06D0 /* ViewController.swift */,
				0E08EE1922BEE32E00BF06D0 /* Main.storyboard */,
				0E08EE1C22BEE32F00BF06D0 /* Assets.xcassets */,
				0E08EE1E22BEE32F00BF06D0 /* LaunchScreen.storyboard */,
				0E08EE2122BEE32F00BF06D0 /* Info.plist */,
			);
			path = "swift-rainbow";
			sourceTree = "<group>";
		};
		0E08EE2922BEE32F00BF06D0 /* swift-rainbowTests */ = {
			isa = PBXGroup;
			children = (
				0E08EE2A22BEE32F00BF06D0 /* swift_rainbowTests.swift */,
				0E08EE2C22BEE32F00BF06D0 /* Info.plist */,
			);
			path = "swift-rainbowTests";
			sourceTree = "<group>";
		};
		0E08EE3422BEE32F00BF06D0 /* swift-rainbowUITests */ = {
			isa = PBXGroup;
			children = (
				0E08EE3522BEE32F00BF06D0 /* swift_rainbowUITests.swift */,
				0E08EE3722BEE32F00BF06D0 /* Info.plist */,
			);
			path = "swift-rainbowUITests";
			sourceTree = "<group>";
		};
		0E08EE4322BEE4B900BF06D0 /* components */ = {
			isa = PBXGroup;
			children = (
			);
			path = components;
			sourceTree = "<group>";
		};
		DE6B7570DD72EAB886BB222B /* Pods */ = {
			isa = PBXGroup;
			children = (
				D2FBF35E655FE946A883162A /* Pods-swift-rainbow.debug.xcconfig */,
				067CC3D782D15A49C08678BA /* Pods-swift-rainbow.release.xcconfig */,
				BF71008C783E3B1AD6A10A41 /* Pods-swift-rainbowTests.debug.xcconfig */,
				3D6C01F2811E17C7126DA46D /* Pods-swift-rainbowTests.release.xcconfig */,
				C307B2222CEBDEBDCE3BE591 /* Pods-swift-rainbowUITests.debug.xcconfig */,
				13779FFEBB1F861EB057DEA0 /* Pods-swift-rainbowUITests.release.xcconfig */,
			);
			path = Pods;
			sourceTree = "<group>";
		};
/* End PBXGroup section */

/* Begin PBXNativeTarget section */
		0E08EE1122BEE32E00BF06D0 /* swift-rainbow */ = {
			isa = PBXNativeTarget;
			buildConfigurationList = 0E08EE3A22BEE32F00BF06D0 /* Build configuration list for PBXNativeTarget "swift-rainbow" */;
			buildPhases = (
				B1B59E39F026CB7598645D41 /* [CP] Check Pods Manifest.lock */,
				0E08EE0E22BEE32E00BF06D0 /* Sources */,
				0E08EE0F22BEE32E00BF06D0 /* Frameworks */,
				0E08EE1022BEE32E00BF06D0 /* Resources */,
				D94FFE7F6C6BAF01129D1FD6 /* [CP] Embed Pods Frameworks */,
			);
			buildRules = (
			);
			dependencies = (
			);
			name = "swift-rainbow";
			productName = "swift-rainbow";
			productReference = 0E08EE1222BEE32E00BF06D0 /* swift-rainbow.app */;
			productType = "com.apple.product-type.application";
		};
		0E08EE2522BEE32F00BF06D0 /* swift-rainbowTests */ = {
			isa = PBXNativeTarget;
			buildConfigurationList = 0E08EE3D22BEE32F00BF06D0 /* Build configuration list for PBXNativeTarget "swift-rainbowTests" */;
			buildPhases = (
				59D96FD4F1878EF7D8AFC222 /* [CP] Check Pods Manifest.lock */,
				0E08EE2222BEE32F00BF06D0 /* Sources */,
				0E08EE2322BEE32F00BF06D0 /* Frameworks */,
				0E08EE2422BEE32F00BF06D0 /* Resources */,
			);
			buildRules = (
			);
			dependencies = (
				0E08EE2822BEE32F00BF06D0 /* PBXTargetDependency */,
			);
			name = "swift-rainbowTests";
			productName = "swift-rainbowTests";
			productReference = 0E08EE2622BEE32F00BF06D0 /* swift-rainbowTests.xctest */;
			productType = "com.apple.product-type.bundle.unit-test";
		};
		0E08EE3022BEE32F00BF06D0 /* swift-rainbowUITests */ = {
			isa = PBXNativeTarget;
			buildConfigurationList = 0E08EE4022BEE32F00BF06D0 /* Build configuration list for PBXNativeTarget "swift-rainbowUITests" */;
			buildPhases = (
				4EB127954C94CCC6E44403EC /* [CP] Check Pods Manifest.lock */,
				0E08EE2D22BEE32F00BF06D0 /* Sources */,
				0E08EE2E22BEE32F00BF06D0 /* Frameworks */,
				0E08EE2F22BEE32F00BF06D0 /* Resources */,
			);
			buildRules = (
			);
			dependencies = (
				0E08EE3322BEE32F00BF06D0 /* PBXTargetDependency */,
			);
			name = "swift-rainbowUITests";
			productName = "swift-rainbowUITests";
			productReference = 0E08EE3122BEE32F00BF06D0 /* swift-rainbowUITests.xctest */;
			productType = "com.apple.product-type.bundle.ui-testing";
		};
/* End PBXNativeTarget section */

/* Begin PBXProject section */
		0E08EE0A22BEE32E00BF06D0 /* Project object */ = {
			isa = PBXProject;
			attributes = {
				LastSwiftUpdateCheck = 1020;
				LastUpgradeCheck = 1020;
				ORGANIZATIONNAME = nexxtway;
				TargetAttributes = {
					0E08EE1122BEE32E00BF06D0 = {
						CreatedOnToolsVersion = 10.2.1;
					};
					0E08EE2522BEE32F00BF06D0 = {
						CreatedOnToolsVersion = 10.2.1;
						TestTargetID = 0E08EE1122BEE32E00BF06D0;
					};
					0E08EE3022BEE32F00BF06D0 = {
						CreatedOnToolsVersion = 10.2.1;
						TestTargetID = 0E08EE1122BEE32E00BF06D0;
					};
				};
			};
			buildConfigurationList = 0E08EE0D22BEE32E00BF06D0 /* Build configuration list for PBXProject "swift-rainbow" */;
			compatibilityVersion = "Xcode 9.3";
			developmentRegion = en;
			hasScannedForEncodings = 0;
			knownRegions = (
				en,
				Base,
			);
			mainGroup = 0E08EE0922BEE32E00BF06D0;
			productRefGroup = 0E08EE1322BEE32E00BF06D0 /* Products */;
			projectDirPath = "";
			projectRoot = "";
			targets = (
				0E08EE1122BEE32E00BF06D0 /* swift-rainbow */,
				0E08EE2522BEE32F00BF06D0 /* swift-rainbowTests */,
				0E08EE3022BEE32F00BF06D0 /* swift-rainbowUITests */,
			);
		};
/* End PBXProject section */

/* Begin PBXResourcesBuildPhase section */
		0E08EE1022BEE32E00BF06D0 /* Resources */ = {
			isa = PBXResourcesBuildPhase;
			buildActionMask = 2147483647;
			files = (
				0E08EE2022BEE32F00BF06D0 /* LaunchScreen.storyboard in Resources */,
				0E08EE1D22BEE32F00BF06D0 /* Assets.xcassets in Resources */,
				0E08EE1B22BEE32E00BF06D0 /* Main.storyboard in Resources */,
			);
			runOnlyForDeploymentPostprocessing = 0;
		};
		0E08EE2422BEE32F00BF06D0 /* Resources */ = {
			isa = PBXResourcesBuildPhase;
			buildActionMask = 2147483647;
			files = (
			);
			runOnlyForDeploymentPostprocessing = 0;
		};
		0E08EE2F22BEE32F00BF06D0 /* Resources */ = {
			isa = PBXResourcesBuildPhase;
			buildActionMask = 2147483647;
			files = (
			);
			runOnlyForDeploymentPostprocessing = 0;
		};
/* End PBXResourcesBuildPhase section */

/* Begin PBXShellScriptBuildPhase section */
		4EB127954C94CCC6E44403EC /* [CP] Check Pods Manifest.lock */ = {
			isa = PBXShellScriptBuildPhase;
			buildActionMask = 2147483647;
			files = (
			);
			inputFileListPaths = (
			);
			inputPaths = (
				"${PODS_PODFILE_DIR_PATH}/Podfile.lock",
				"${PODS_ROOT}/Manifest.lock",
			);
			name = "[CP] Check Pods Manifest.lock";
			outputFileListPaths = (
			);
			outputPaths = (
				"$(DERIVED_FILE_DIR)/Pods-swift-rainbowUITests-checkManifestLockResult.txt",
			);
			runOnlyForDeploymentPostprocessing = 0;
			shellPath = /bin/sh;
			shellScript = "diff \"${PODS_PODFILE_DIR_PATH}/Podfile.lock\" \"${PODS_ROOT}/Manifest.lock\" > /dev/null\nif [ $? != 0 ] ; then\n    # print error to STDERR\n    echo \"error: The sandbox is not in sync with the Podfile.lock. Run 'pod install' or update your CocoaPods installation.\" >&2\n    exit 1\nfi\n# This output is used by Xcode 'outputs' to avoid re-running this script phase.\necho \"SUCCESS\" > \"${SCRIPT_OUTPUT_FILE_0}\"\n";
			showEnvVarsInLog = 0;
		};
		59D96FD4F1878EF7D8AFC222 /* [CP] Check Pods Manifest.lock */ = {
			isa = PBXShellScriptBuildPhase;
			buildActionMask = 2147483647;
			files = (
			);
			inputFileListPaths = (
			);
			inputPaths = (
				"${PODS_PODFILE_DIR_PATH}/Podfile.lock",
				"${PODS_ROOT}/Manifest.lock",
			);
			name = "[CP] Check Pods Manifest.lock";
			outputFileListPaths = (
			);
			outputPaths = (
				"$(DERIVED_FILE_DIR)/Pods-swift-rainbowTests-checkManifestLockResult.txt",
			);
			runOnlyForDeploymentPostprocessing = 0;
			shellPath = /bin/sh;
			shellScript = "diff \"${PODS_PODFILE_DIR_PATH}/Podfile.lock\" \"${PODS_ROOT}/Manifest.lock\" > /dev/null\nif [ $? != 0 ] ; then\n    # print error to STDERR\n    echo \"error: The sandbox is not in sync with the Podfile.lock. Run 'pod install' or update your CocoaPods installation.\" >&2\n    exit 1\nfi\n# This output is used by Xcode 'outputs' to avoid re-running this script phase.\necho \"SUCCESS\" > \"${SCRIPT_OUTPUT_FILE_0}\"\n";
			showEnvVarsInLog = 0;
		};
		B1B59E39F026CB7598645D41 /* [CP] Check Pods Manifest.lock */ = {
			isa = PBXShellScriptBuildPhase;
			buildActionMask = 2147483647;
			files = (
			);
			inputFileListPaths = (
			);
			inputPaths = (
				"${PODS_PODFILE_DIR_PATH}/Podfile.lock",
				"${PODS_ROOT}/Manifest.lock",
			);
			name = "[CP] Check Pods Manifest.lock";
			outputFileListPaths = (
			);
			outputPaths = (
				"$(DERIVED_FILE_DIR)/Pods-swift-rainbow-checkManifestLockResult.txt",
			);
			runOnlyForDeploymentPostprocessing = 0;
			shellPath = /bin/sh;
			shellScript = "diff \"${PODS_PODFILE_DIR_PATH}/Podfile.lock\" \"${PODS_ROOT}/Manifest.lock\" > /dev/null\nif [ $? != 0 ] ; then\n    # print error to STDERR\n    echo \"error: The sandbox is not in sync with the Podfile.lock. Run 'pod install' or update your CocoaPods installation.\" >&2\n    exit 1\nfi\n# This output is used by Xcode 'outputs' to avoid re-running this script phase.\necho \"SUCCESS\" > \"${SCRIPT_OUTPUT_FILE_0}\"\n";
			showEnvVarsInLog = 0;
		};
		D94FFE7F6C6BAF01129D1FD6 /* [CP] Embed Pods Frameworks */ = {
			isa = PBXShellScriptBuildPhase;
			buildActionMask = 2147483647;
			files = (
			);
			inputFileListPaths = (
				"${PODS_ROOT}/Target Support Files/Pods-swift-rainbow/Pods-swift-rainbow-frameworks-${CONFIGURATION}-input-files.xcfilelist",
			);
			name = "[CP] Embed Pods Frameworks";
			outputFileListPaths = (
				"${PODS_ROOT}/Target Support Files/Pods-swift-rainbow/Pods-swift-rainbow-frameworks-${CONFIGURATION}-output-files.xcfilelist",
			);
			runOnlyForDeploymentPostprocessing = 0;
			shellPath = /bin/sh;
			shellScript = "\"${PODS_ROOT}/Target Support Files/Pods-swift-rainbow/Pods-swift-rainbow-frameworks.sh\"\n";
			showEnvVarsInLog = 0;
		};
/* End PBXShellScriptBuildPhase section */

/* Begin PBXSourcesBuildPhase section */
		0E08EE0E22BEE32E00BF06D0 /* Sources */ = {
			isa = PBXSourcesBuildPhase;
			buildActionMask = 2147483647;
			files = (
				0E08EE1822BEE32E00BF06D0 /* ViewController.swift in Sources */,
				0E08EE1622BEE32E00BF06D0 /* AppDelegate.swift in Sources */,
			);
			runOnlyForDeploymentPostprocessing = 0;
		};
		0E08EE2222BEE32F00BF06D0 /* Sources */ = {
			isa = PBXSourcesBuildPhase;
			buildActionMask = 2147483647;
			files = (
				0E08EE2B22BEE32F00BF06D0 /* swift_rainbowTests.swift in Sources */,
			);
			runOnlyForDeploymentPostprocessing = 0;
		};
		0E08EE2D22BEE32F00BF06D0 /* Sources */ = {
			isa = PBXSourcesBuildPhase;
			buildActionMask = 2147483647;
			files = (
				0E08EE3622BEE32F00BF06D0 /* swift_rainbowUITests.swift in Sources */,
			);
			runOnlyForDeploymentPostprocessing = 0;
		};
/* End PBXSourcesBuildPhase section */

/* Begin PBXTargetDependency section */
		0E08EE2822BEE32F00BF06D0 /* PBXTargetDependency */ = {
			isa = PBXTargetDependency;
			target = 0E08EE1122BEE32E00BF06D0 /* swift-rainbow */;
			targetProxy = 0E08EE2722BEE32F00BF06D0 /* PBXContainerItemProxy */;
		};
		0E08EE3322BEE32F00BF06D0 /* PBXTargetDependency */ = {
			isa = PBXTargetDependency;
			target = 0E08EE1122BEE32E00BF06D0 /* swift-rainbow */;
			targetProxy = 0E08EE3222BEE32F00BF06D0 /* PBXContainerItemProxy */;
		};
/* End PBXTargetDependency section */

/* Begin PBXVariantGroup section */
		0E08EE1922BEE32E00BF06D0 /* Main.storyboard */ = {
			isa = PBXVariantGroup;
			children = (
				0E08EE1A22BEE32E00BF06D0 /* Base */,
			);
			name = Main.storyboard;
			sourceTree = "<group>";
		};
		0E08EE1E22BEE32F00BF06D0 /* LaunchScreen.storyboard */ = {
			isa = PBXVariantGroup;
			children = (
				0E08EE1F22BEE32F00BF06D0 /* Base */,
			);
			name = LaunchScreen.storyboard;
			sourceTree = "<group>";
		};
/* End PBXVariantGroup section */

/* Begin XCBuildConfiguration section */
		0E08EE3822BEE32F00BF06D0 /* Debug */ = {
			isa = XCBuildConfiguration;
			buildSettings = {
				ALWAYS_SEARCH_USER_PATHS = NO;
				CLANG_ANALYZER_NONNULL = YES;
				CLANG_ANALYZER_NUMBER_OBJECT_CONVERSION = YES_AGGRESSIVE;
				CLANG_CXX_LANGUAGE_STANDARD = "gnu++14";
				CLANG_CXX_LIBRARY = "libc++";
				CLANG_ENABLE_MODULES = YES;
				CLANG_ENABLE_OBJC_ARC = YES;
				CLANG_ENABLE_OBJC_WEAK = YES;
				CLANG_WARN_BLOCK_CAPTURE_AUTORELEASING = YES;
				CLANG_WARN_BOOL_CONVERSION = YES;
				CLANG_WARN_COMMA = YES;
				CLANG_WARN_CONSTANT_CONVERSION = YES;
				CLANG_WARN_DEPRECATED_OBJC_IMPLEMENTATIONS = YES;
				CLANG_WARN_DIRECT_OBJC_ISA_USAGE = YES_ERROR;
				CLANG_WARN_DOCUMENTATION_COMMENTS = YES;
				CLANG_WARN_EMPTY_BODY = YES;
				CLANG_WARN_ENUM_CONVERSION = YES;
				CLANG_WARN_INFINITE_RECURSION = YES;
				CLANG_WARN_INT_CONVERSION = YES;
				CLANG_WARN_NON_LITERAL_NULL_CONVERSION = YES;
				CLANG_WARN_OBJC_IMPLICIT_RETAIN_SELF = YES;
				CLANG_WARN_OBJC_LITERAL_CONVERSION = YES;
				CLANG_WARN_OBJC_ROOT_CLASS = YES_ERROR;
				CLANG_WARN_RANGE_LOOP_ANALYSIS = YES;
				CLANG_WARN_STRICT_PROTOTYPES = YES;
				CLANG_WARN_SUSPICIOUS_MOVE = YES;
				CLANG_WARN_UNGUARDED_AVAILABILITY = YES_AGGRESSIVE;
				CLANG_WARN_UNREACHABLE_CODE = YES;
				CLANG_WARN__DUPLICATE_METHOD_MATCH = YES;
				CODE_SIGN_IDENTITY = "iPhone Developer";
				COPY_PHASE_STRIP = NO;
				DEBUG_INFORMATION_FORMAT = dwarf;
				ENABLE_STRICT_OBJC_MSGSEND = YES;
				ENABLE_TESTABILITY = YES;
				GCC_C_LANGUAGE_STANDARD = gnu11;
				GCC_DYNAMIC_NO_PIC = NO;
				GCC_NO_COMMON_BLOCKS = YES;
				GCC_OPTIMIZATION_LEVEL = 0;
				GCC_PREPROCESSOR_DEFINITIONS = (
					"DEBUG=1",
					"$(inherited)",
				);
				GCC_WARN_64_TO_32_BIT_CONVERSION = YES;
				GCC_WARN_ABOUT_RETURN_TYPE = YES_ERROR;
				GCC_WARN_UNDECLARED_SELECTOR = YES;
				GCC_WARN_UNINITIALIZED_AUTOS = YES_AGGRESSIVE;
				GCC_WARN_UNUSED_FUNCTION = YES;
				GCC_WARN_UNUSED_VARIABLE = YES;
				IPHONEOS_DEPLOYMENT_TARGET = 12.2;
				MTL_ENABLE_DEBUG_INFO = INCLUDE_SOURCE;
				MTL_FAST_MATH = YES;
				ONLY_ACTIVE_ARCH = YES;
				SDKROOT = iphoneos;
				SWIFT_ACTIVE_COMPILATION_CONDITIONS = DEBUG;
				SWIFT_OPTIMIZATION_LEVEL = "-Onone";
			};
			name = Debug;
		};
		0E08EE3922BEE32F00BF06D0 /* Release */ = {
			isa = XCBuildConfiguration;
			buildSettings = {
				ALWAYS_SEARCH_USER_PATHS = NO;
				CLANG_ANALYZER_NONNULL = YES;
				CLANG_ANALYZER_NUMBER_OBJECT_CONVERSION = YES_AGGRESSIVE;
				CLANG_CXX_LANGUAGE_STANDARD = "gnu++14";
				CLANG_CXX_LIBRARY = "libc++";
				CLANG_ENABLE_MODULES = YES;
				CLANG_ENABLE_OBJC_ARC = YES;
				CLANG_ENABLE_OBJC_WEAK = YES;
				CLANG_WARN_BLOCK_CAPTURE_AUTORELEASING = YES;
				CLANG_WARN_BOOL_CONVERSION = YES;
				CLANG_WARN_COMMA = YES;
				CLANG_WARN_CONSTANT_CONVERSION = YES;
				CLANG_WARN_DEPRECATED_OBJC_IMPLEMENTATIONS = YES;
				CLANG_WARN_DIRECT_OBJC_ISA_USAGE = YES_ERROR;
				CLANG_WARN_DOCUMENTATION_COMMENTS = YES;
				CLANG_WARN_EMPTY_BODY = YES;
				CLANG_WARN_ENUM_CONVERSION = YES;
				CLANG_WARN_INFINITE_RECURSION = YES;
				CLANG_WARN_INT_CONVERSION = YES;
				CLANG_WARN_NON_LITERAL_NULL_CONVERSION = YES;
				CLANG_WARN_OBJC_IMPLICIT_RETAIN_SELF = YES;
				CLANG_WARN_OBJC_LITERAL_CONVERSION = YES;
				CLANG_WARN_OBJC_ROOT_CLASS = YES_ERROR;
				CLANG_WARN_RANGE_LOOP_ANALYSIS = YES;
				CLANG_WARN_STRICT_PROTOTYPES = YES;
				CLANG_WARN_SUSPICIOUS_MOVE = YES;
				CLANG_WARN_UNGUARDED_AVAILABILITY = YES_AGGRESSIVE;
				CLANG_WARN_UNREACHABLE_CODE = YES;
				CLANG_WARN__DUPLICATE_METHOD_MATCH = YES;
				CODE_SIGN_IDENTITY = "iPhone Developer";
				COPY_PHASE_STRIP = NO;
				DEBUG_INFORMATION_FORMAT = "dwarf-with-dsym";
				ENABLE_NS_ASSERTIONS = NO;
				ENABLE_STRICT_OBJC_MSGSEND = YES;
				GCC_C_LANGUAGE_STANDARD = gnu11;
				GCC_NO_COMMON_BLOCKS = YES;
				GCC_WARN_64_TO_32_BIT_CONVERSION = YES;
				GCC_WARN_ABOUT_RETURN_TYPE = YES_ERROR;
				GCC_WARN_UNDECLARED_SELECTOR = YES;
				GCC_WARN_UNINITIALIZED_AUTOS = YES_AGGRESSIVE;
				GCC_WARN_UNUSED_FUNCTION = YES;
				GCC_WARN_UNUSED_VARIABLE = YES;
				IPHONEOS_DEPLOYMENT_TARGET = 12.2;
				MTL_ENABLE_DEBUG_INFO = NO;
				MTL_FAST_MATH = YES;
				SDKROOT = iphoneos;
				SWIFT_COMPILATION_MODE = wholemodule;
				SWIFT_OPTIMIZATION_LEVEL = "-O";
				VALIDATE_PRODUCT = YES;
			};
			name = Release;
		};
		0E08EE3B22BEE32F00BF06D0 /* Debug */ = {
			isa = XCBuildConfiguration;
			baseConfigurationReference = D2FBF35E655FE946A883162A /* Pods-swift-rainbow.debug.xcconfig */;
			buildSettings = {
				ASSETCATALOG_COMPILER_APPICON_NAME = AppIcon;
				CODE_SIGN_STYLE = Automatic;
				DEVELOPMENT_TEAM = 6YMTH2MH7M;
				INFOPLIST_FILE = "swift-rainbow/Info.plist";
				LD_RUNPATH_SEARCH_PATHS = (
					"$(inherited)",
					"@executable_path/Frameworks",
				);
				PRODUCT_BUNDLE_IDENTIFIER = "com.nexxtway.swift-rainbow";
				PRODUCT_NAME = "$(TARGET_NAME)";
				SWIFT_VERSION = 5.0;
				TARGETED_DEVICE_FAMILY = "1,2";
			};
			name = Debug;
		};
		0E08EE3C22BEE32F00BF06D0 /* Release */ = {
			isa = XCBuildConfiguration;
			baseConfigurationReference = 067CC3D782D15A49C08678BA /* Pods-swift-rainbow.release.xcconfig */;
			buildSettings = {
				ASSETCATALOG_COMPILER_APPICON_NAME = AppIcon;
				CODE_SIGN_STYLE = Automatic;
				DEVELOPMENT_TEAM = 6YMTH2MH7M;
				INFOPLIST_FILE = "swift-rainbow/Info.plist";
				LD_RUNPATH_SEARCH_PATHS = (
					"$(inherited)",
					"@executable_path/Frameworks",
				);
				PRODUCT_BUNDLE_IDENTIFIER = "com.nexxtway.swift-rainbow";
				PRODUCT_NAME = "$(TARGET_NAME)";
				SWIFT_VERSION = 5.0;
				TARGETED_DEVICE_FAMILY = "1,2";
			};
			name = Release;
		};
		0E08EE3E22BEE32F00BF06D0 /* Debug */ = {
			isa = XCBuildConfiguration;
			baseConfigurationReference = BF71008C783E3B1AD6A10A41 /* Pods-swift-rainbowTests.debug.xcconfig */;
			buildSettings = {
				ALWAYS_EMBED_SWIFT_STANDARD_LIBRARIES = YES;
				BUNDLE_LOADER = "$(TEST_HOST)";
				CODE_SIGN_STYLE = Automatic;
				DEVELOPMENT_TEAM = 6YMTH2MH7M;
				INFOPLIST_FILE = "swift-rainbowTests/Info.plist";
				LD_RUNPATH_SEARCH_PATHS = (
					"$(inherited)",
					"@executable_path/Frameworks",
					"@loader_path/Frameworks",
				);
				PRODUCT_BUNDLE_IDENTIFIER = "com.nexxtway.swift-rainbowTests";
				PRODUCT_NAME = "$(TARGET_NAME)";
				SWIFT_VERSION = 5.0;
				TARGETED_DEVICE_FAMILY = "1,2";
				TEST_HOST = "$(BUILT_PRODUCTS_DIR)/swift-rainbow.app/swift-rainbow";
			};
			name = Debug;
		};
		0E08EE3F22BEE32F00BF06D0 /* Release */ = {
			isa = XCBuildConfiguration;
			baseConfigurationReference = 3D6C01F2811E17C7126DA46D /* Pods-swift-rainbowTests.release.xcconfig */;
			buildSettings = {
				ALWAYS_EMBED_SWIFT_STANDARD_LIBRARIES = YES;
				BUNDLE_LOADER = "$(TEST_HOST)";
				CODE_SIGN_STYLE = Automatic;
				DEVELOPMENT_TEAM = 6YMTH2MH7M;
				INFOPLIST_FILE = "swift-rainbowTests/Info.plist";
				LD_RUNPATH_SEARCH_PATHS = (
					"$(inherited)",
					"@executable_path/Frameworks",
					"@loader_path/Frameworks",
				);
				PRODUCT_BUNDLE_IDENTIFIER = "com.nexxtway.swift-rainbowTests";
				PRODUCT_NAME = "$(TARGET_NAME)";
				SWIFT_VERSION = 5.0;
				TARGETED_DEVICE_FAMILY = "1,2";
				TEST_HOST = "$(BUILT_PRODUCTS_DIR)/swift-rainbow.app/swift-rainbow";
			};
			name = Release;
		};
		0E08EE4122BEE32F00BF06D0 /* Debug */ = {
			isa = XCBuildConfiguration;
			baseConfigurationReference = C307B2222CEBDEBDCE3BE591 /* Pods-swift-rainbowUITests.debug.xcconfig */;
			buildSettings = {
				ALWAYS_EMBED_SWIFT_STANDARD_LIBRARIES = YES;
				CODE_SIGN_STYLE = Automatic;
				DEVELOPMENT_TEAM = 6YMTH2MH7M;
				INFOPLIST_FILE = "swift-rainbowUITests/Info.plist";
				LD_RUNPATH_SEARCH_PATHS = (
					"$(inherited)",
					"@executable_path/Frameworks",
					"@loader_path/Frameworks",
				);
				PRODUCT_BUNDLE_IDENTIFIER = "com.nexxtway.swift-rainbowUITests";
				PRODUCT_NAME = "$(TARGET_NAME)";
				SWIFT_VERSION = 5.0;
				TARGETED_DEVICE_FAMILY = "1,2";
				TEST_TARGET_NAME = "swift-rainbow";
			};
			name = Debug;
		};
		0E08EE4222BEE32F00BF06D0 /* Release */ = {
			isa = XCBuildConfiguration;
			baseConfigurationReference = 13779FFEBB1F861EB057DEA0 /* Pods-swift-rainbowUITests.release.xcconfig */;
			buildSettings = {
				ALWAYS_EMBED_SWIFT_STANDARD_LIBRARIES = YES;
				CODE_SIGN_STYLE = Automatic;
				DEVELOPMENT_TEAM = 6YMTH2MH7M;
				INFOPLIST_FILE = "swift-rainbowUITests/Info.plist";
				LD_RUNPATH_SEARCH_PATHS = (
					"$(inherited)",
					"@executable_path/Frameworks",
					"@loader_path/Frameworks",
				);
				PRODUCT_BUNDLE_IDENTIFIER = "com.nexxtway.swift-rainbowUITests";
				PRODUCT_NAME = "$(TARGET_NAME)";
				SWIFT_VERSION = 5.0;
				TARGETED_DEVICE_FAMILY = "1,2";
				TEST_TARGET_NAME = "swift-rainbow";
			};
			name = Release;
		};
/* End XCBuildConfiguration section */

/* Begin XCConfigurationList section */
		0E08EE0D22BEE32E00BF06D0 /* Build configuration list for PBXProject "swift-rainbow" */ = {
			isa = XCConfigurationList;
			buildConfigurations = (
				0E08EE3822BEE32F00BF06D0 /* Debug */,
				0E08EE3922BEE32F00BF06D0 /* Release */,
			);
			defaultConfigurationIsVisible = 0;
			defaultConfigurationName = Release;
		};
		0E08EE3A22BEE32F00BF06D0 /* Build configuration list for PBXNativeTarget "swift-rainbow" */ = {
			isa = XCConfigurationList;
			buildConfigurations = (
				0E08EE3B22BEE32F00BF06D0 /* Debug */,
				0E08EE3C22BEE32F00BF06D0 /* Release */,
			);
			defaultConfigurationIsVisible = 0;
			defaultConfigurationName = Release;
		};
		0E08EE3D22BEE32F00BF06D0 /* Build configuration list for PBXNativeTarget "swift-rainbowTests" */ = {
			isa = XCConfigurationList;
			buildConfigurations = (
				0E08EE3E22BEE32F00BF06D0 /* Debug */,
				0E08EE3F22BEE32F00BF06D0 /* Release */,
			);
			defaultConfigurationIsVisible = 0;
			defaultConfigurationName = Release;
		};
		0E08EE4022BEE32F00BF06D0 /* Build configuration list for PBXNativeTarget "swift-rainbowUITests" */ = {
			isa = XCConfigurationList;
			buildConfigurations = (
				0E08EE4122BEE32F00BF06D0 /* Debug */,
				0E08EE4222BEE32F00BF06D0 /* Release */,
			);
			defaultConfigurationIsVisible = 0;
			defaultConfigurationName = Release;
		};
/* End XCConfigurationList section */
	};
	rootObject = 0E08EE0A22BEE32E00BF06D0 /* Project object */;
}
